
Microsoft Visual Studio Solution File, Format Version 12.00
# Visual Studio Version 17
VisualStudioVersion = 17.13.35931.197 d17.13
MinimumVisualStudioVersion = 10.0.40219.1
Project("{FAE04EC0-301F-11D3-BF4B-00C04F79EFBC}") = "MerhabaDünya2", "MerhabaDünya2\MerhabaDünya2.csproj", "{E0D5611B-E497-4ABE-BEEE-076CA828E1CF}"
EndProject
Global
	GlobalSection(SolutionConfigurationPlatforms) = preSolution
		Debug|Any CPU = Debug|Any CPU
		Release|Any CPU = Release|Any CPU
	EndGlobalSection
	GlobalSection(ProjectConfigurationPlatforms) = postSolution
		{E0D5611B-E497-4ABE-BEEE-076CA828E1CF}.Debug|Any CPU.ActiveCfg = Debug|Any CPU
		{E0D5611B-E497-4ABE-BEEE-076CA828E1CF}.Debug|Any CPU.Build.0 = Debug|Any CPU
		{E0D5611B-E497-4ABE-BEEE-076CA828E1CF}.Release|Any CPU.ActiveCfg = Release|Any CPU
		{E0D5611B-E497-4ABE-BEEE-076CA828E1CF}.Release|Any CPU.Build.0 = Release|Any CPU
	EndGlobalSection
	GlobalSection(SolutionProperties) = preSolution
		HideSolutionNode = FALSE
	EndGlobalSection
	GlobalSection(ExtensibilityGlobals) = postSolution
		SolutionGuid = {04D9AF4A-5A20-421C-8A1E-26478AAB4A16}
	EndGlobalSection
EndGlobal
